// !$*UTF8*$!
{
	archiveVersion = 1;
	classes = {
	};
	objectVersion = 50;
	objects = {

/* Begin PBXBuildFile section */
		41B5657C5F1F4FFD13832B50 /* Pods_TrolleyTests.framework in Frameworks */ = {isa = PBXBuildFile; fileRef = F779E0B5DB332C835E3221F1 /* Pods_TrolleyTests.framework */; };
		9B31F45CEBFD156D959E5C76 /* Pods_Trolley.framework in Frameworks */ = {isa = PBXBuildFile; fileRef = C8A3AC8B968CAB1567E27571 /* Pods_Trolley.framework */; };
		B531C93F21A898FB00F559DA /* Cart.swift in Sources */ = {isa = PBXBuildFile; fileRef = B531C93E21A898FB00F559DA /* Cart.swift */; };
		B531C94121A89EB300F559DA /* StoreViewController.swift in Sources */ = {isa = PBXBuildFile; fileRef = B531C94021A89EB300F559DA /* StoreViewController.swift */; };
		B5C432B221A8819C003F971E /* AppDelegate.swift in Sources */ = {isa = PBXBuildFile; fileRef = B5C432B121A8819C003F971E /* AppDelegate.swift */; };
		B5C432B421A8819C003F971E /* SplashViewController.swift in Sources */ = {isa = PBXBuildFile; fileRef = B5C432B321A8819C003F971E /* SplashViewController.swift */; };
		B5C432B721A8819C003F971E /* Main.storyboard in Resources */ = {isa = PBXBuildFile; fileRef = B5C432B521A8819C003F971E /* Main.storyboard */; };
		B5C432B921A8819C003F971E /* Assets.xcassets in Resources */ = {isa = PBXBuildFile; fileRef = B5C432B821A8819C003F971E /* Assets.xcassets */; };
		B5C432BC21A8819C003F971E /* LaunchScreen.storyboard in Resources */ = {isa = PBXBuildFile; fileRef = B5C432BA21A8819C003F971E /* LaunchScreen.storyboard */; };
		B5C432C721A8819D003F971E /* TrolleyTests.swift in Sources */ = {isa = PBXBuildFile; fileRef = B5C432C621A8819D003F971E /* TrolleyTests.swift */; };
		B5C432D221A8819D003F971E /* TrolleyUITests.swift in Sources */ = {isa = PBXBuildFile; fileRef = B5C432D121A8819D003F971E /* TrolleyUITests.swift */; };
		B5C432F121A88768003F971E /* AuthViewController.swift in Sources */ = {isa = PBXBuildFile; fileRef = B5C432F021A88768003F971E /* AuthViewController.swift */; };
		B5C432F321A887BF003F971E /* HomeViewController.swift in Sources */ = {isa = PBXBuildFile; fileRef = B5C432F221A887BF003F971E /* HomeViewController.swift */; };
		B5C432F721A88A56003F971E /* User.swift in Sources */ = {isa = PBXBuildFile; fileRef = B5C432F621A88A56003F971E /* User.swift */; };
		B5C432F921A88A92003F971E /* DataStore.swift in Sources */ = {isa = PBXBuildFile; fileRef = B5C432F821A88A92003F971E /* DataStore.swift */; };
		E622A6DD4B08BA7A5BBBBC4D /* Pods_TrolleyUITests.framework in Frameworks */ = {isa = PBXBuildFile; fileRef = DA5A3DFE2C521EA9384E0D98 /* Pods_TrolleyUITests.framework */; };
/* End PBXBuildFile section */

/* Begin PBXContainerItemProxy section */
		B5C432C321A8819D003F971E /* PBXContainerItemProxy */ = {
			isa = PBXContainerItemProxy;
			containerPortal = B5C432A621A8819C003F971E /* Project object */;
			proxyType = 1;
			remoteGlobalIDString = B5C432AD21A8819C003F971E;
			remoteInfo = Trolley;
		};
		B5C432CE21A8819D003F971E /* PBXContainerItemProxy */ = {
			isa = PBXContainerItemProxy;
			containerPortal = B5C432A621A8819C003F971E /* Project object */;
			proxyType = 1;
			remoteGlobalIDString = B5C432AD21A8819C003F971E;
			remoteInfo = Trolley;
		};
/* End PBXContainerItemProxy section */

/* Begin PBXFileReference section */
		18CC25FCFC1B5BBF2049C80F /* Pods-Trolley.release.xcconfig */ = {isa = PBXFileReference; includeInIndex = 1; lastKnownFileType = text.xcconfig; name = "Pods-Trolley.release.xcconfig"; path = "Pods/Target Support Files/Pods-Trolley/Pods-Trolley.release.xcconfig"; sourceTree = "<group>"; };
		1E5D2BB8854E74B66C21BBFF /* Pods-TrolleyUITests.debug.xcconfig */ = {isa = PBXFileReference; includeInIndex = 1; lastKnownFileType = text.xcconfig; name = "Pods-TrolleyUITests.debug.xcconfig"; path = "Pods/Target Support Files/Pods-TrolleyUITests/Pods-TrolleyUITests.debug.xcconfig"; sourceTree = "<group>"; };
		59A8F3BEA8CDC500F1EAB810 /* Pods-TrolleyTests.release.xcconfig */ = {isa = PBXFileReference; includeInIndex = 1; lastKnownFileType = text.xcconfig; name = "Pods-TrolleyTests.release.xcconfig"; path = "Pods/Target Support Files/Pods-TrolleyTests/Pods-TrolleyTests.release.xcconfig"; sourceTree = "<group>"; };
		96E8F8573D9B0FC9BED02C62 /* Pods-Trolley.debug.xcconfig */ = {isa = PBXFileReference; includeInIndex = 1; lastKnownFileType = text.xcconfig; name = "Pods-Trolley.debug.xcconfig"; path = "Pods/Target Support Files/Pods-Trolley/Pods-Trolley.debug.xcconfig"; sourceTree = "<group>"; };
		B531C93E21A898FB00F559DA /* Cart.swift */ = {isa = PBXFileReference; lastKnownFileType = sourcecode.swift; path = Cart.swift; sourceTree = "<group>"; };
		B531C94021A89EB300F559DA /* StoreViewController.swift */ = {isa = PBXFileReference; lastKnownFileType = sourcecode.swift; path = StoreViewController.swift; sourceTree = "<group>"; };
		B5C432AE21A8819C003F971E /* Trolley.app */ = {isa = PBXFileReference; explicitFileType = wrapper.application; includeInIndex = 0; path = Trolley.app; sourceTree = BUILT_PRODUCTS_DIR; };
		B5C432B121A8819C003F971E /* AppDelegate.swift */ = {isa = PBXFileReference; lastKnownFileType = sourcecode.swift; path = AppDelegate.swift; sourceTree = "<group>"; };
		B5C432B321A8819C003F971E /* SplashViewController.swift */ = {isa = PBXFileReference; lastKnownFileType = sourcecode.swift; path = SplashViewController.swift; sourceTree = "<group>"; };
		B5C432B621A8819C003F971E /* Base */ = {isa = PBXFileReference; lastKnownFileType = file.storyboard; name = Base; path = Base.lproj/Main.storyboard; sourceTree = "<group>"; };
		B5C432B821A8819C003F971E /* Assets.xcassets */ = {isa = PBXFileReference; lastKnownFileType = folder.assetcatalog; path = Assets.xcassets; sourceTree = "<group>"; };
		B5C432BB21A8819C003F971E /* Base */ = {isa = PBXFileReference; lastKnownFileType = file.storyboard; name = Base; path = Base.lproj/LaunchScreen.storyboard; sourceTree = "<group>"; };
		B5C432BD21A8819C003F971E /* Info.plist */ = {isa = PBXFileReference; lastKnownFileType = text.plist.xml; path = Info.plist; sourceTree = "<group>"; };
		B5C432C221A8819D003F971E /* TrolleyTests.xctest */ = {isa = PBXFileReference; explicitFileType = wrapper.cfbundle; includeInIndex = 0; path = TrolleyTests.xctest; sourceTree = BUILT_PRODUCTS_DIR; };
		B5C432C621A8819D003F971E /* TrolleyTests.swift */ = {isa = PBXFileReference; lastKnownFileType = sourcecode.swift; path = TrolleyTests.swift; sourceTree = "<group>"; };
		B5C432C821A8819D003F971E /* Info.plist */ = {isa = PBXFileReference; lastKnownFileType = text.plist.xml; path = Info.plist; sourceTree = "<group>"; };
		B5C432CD21A8819D003F971E /* TrolleyUITests.xctest */ = {isa = PBXFileReference; explicitFileType = wrapper.cfbundle; includeInIndex = 0; path = TrolleyUITests.xctest; sourceTree = BUILT_PRODUCTS_DIR; };
		B5C432D121A8819D003F971E /* TrolleyUITests.swift */ = {isa = PBXFileReference; lastKnownFileType = sourcecode.swift; path = TrolleyUITests.swift; sourceTree = "<group>"; };
		B5C432D321A8819D003F971E /* Info.plist */ = {isa = PBXFileReference; lastKnownFileType = text.plist.xml; path = Info.plist; sourceTree = "<group>"; };
		B5C432F021A88768003F971E /* AuthViewController.swift */ = {isa = PBXFileReference; lastKnownFileType = sourcecode.swift; path = AuthViewController.swift; sourceTree = "<group>"; };
		B5C432F221A887BF003F971E /* HomeViewController.swift */ = {isa = PBXFileReference; lastKnownFileType = sourcecode.swift; path = HomeViewController.swift; sourceTree = "<group>"; };
		B5C432F621A88A56003F971E /* User.swift */ = {isa = PBXFileReference; lastKnownFileType = sourcecode.swift; path = User.swift; sourceTree = "<group>"; };
		B5C432F821A88A92003F971E /* DataStore.swift */ = {isa = PBXFileReference; lastKnownFileType = sourcecode.swift; path = DataStore.swift; sourceTree = "<group>"; };
		C8A3AC8B968CAB1567E27571 /* Pods_Trolley.framework */ = {isa = PBXFileReference; explicitFileType = wrapper.framework; includeInIndex = 0; path = Pods_Trolley.framework; sourceTree = BUILT_PRODUCTS_DIR; };
		D7981418F1D0E5400EE5E27B /* Pods-TrolleyUITests.release.xcconfig */ = {isa = PBXFileReference; includeInIndex = 1; lastKnownFileType = text.xcconfig; name = "Pods-TrolleyUITests.release.xcconfig"; path = "Pods/Target Support Files/Pods-TrolleyUITests/Pods-TrolleyUITests.release.xcconfig"; sourceTree = "<group>"; };
		DA5A3DFE2C521EA9384E0D98 /* Pods_TrolleyUITests.framework */ = {isa = PBXFileReference; explicitFileType = wrapper.framework; includeInIndex = 0; path = Pods_TrolleyUITests.framework; sourceTree = BUILT_PRODUCTS_DIR; };
		E23829367649127E57D2F3A8 /* Pods-TrolleyTests.debug.xcconfig */ = {isa = PBXFileReference; includeInIndex = 1; lastKnownFileType = text.xcconfig; name = "Pods-TrolleyTests.debug.xcconfig"; path = "Pods/Target Support Files/Pods-TrolleyTests/Pods-TrolleyTests.debug.xcconfig"; sourceTree = "<group>"; };
		F779E0B5DB332C835E3221F1 /* Pods_TrolleyTests.framework */ = {isa = PBXFileReference; explicitFileType = wrapper.framework; includeInIndex = 0; path = Pods_TrolleyTests.framework; sourceTree = BUILT_PRODUCTS_DIR; };
/* End PBXFileReference section */

/* Begin PBXFrameworksBuildPhase section */
		B5C432AB21A8819C003F971E /* Frameworks */ = {
			isa = PBXFrameworksBuildPhase;
			buildActionMask = 2147483647;
			files = (
				9B31F45CEBFD156D959E5C76 /* Pods_Trolley.framework in Frameworks */,
			);
			runOnlyForDeploymentPostprocessing = 0;
		};
		B5C432BF21A8819D003F971E /* Frameworks */ = {
			isa = PBXFrameworksBuildPhase;
			buildActionMask = 2147483647;
			files = (
				41B5657C5F1F4FFD13832B50 /* Pods_TrolleyTests.framework in Frameworks */,
			);
			runOnlyForDeploymentPostprocessing = 0;
		};
		B5C432CA21A8819D003F971E /* Frameworks */ = {
			isa = PBXFrameworksBuildPhase;
			buildActionMask = 2147483647;
			files = (
				E622A6DD4B08BA7A5BBBBC4D /* Pods_TrolleyUITests.framework in Frameworks */,
			);
			runOnlyForDeploymentPostprocessing = 0;
		};
/* End PBXFrameworksBuildPhase section */

/* Begin PBXGroup section */
		18A821AC33AAF58390E15094 /* Frameworks */ = {
			isa = PBXGroup;
			children = (
				C8A3AC8B968CAB1567E27571 /* Pods_Trolley.framework */,
				F779E0B5DB332C835E3221F1 /* Pods_TrolleyTests.framework */,
				DA5A3DFE2C521EA9384E0D98 /* Pods_TrolleyUITests.framework */,
			);
			name = Frameworks;
			sourceTree = "<group>";
		};
		58344712B7601E41B57BDF28 /* Pods */ = {
			isa = PBXGroup;
			children = (
				96E8F8573D9B0FC9BED02C62 /* Pods-Trolley.debug.xcconfig */,
				18CC25FCFC1B5BBF2049C80F /* Pods-Trolley.release.xcconfig */,
				E23829367649127E57D2F3A8 /* Pods-TrolleyTests.debug.xcconfig */,
				59A8F3BEA8CDC500F1EAB810 /* Pods-TrolleyTests.release.xcconfig */,
				1E5D2BB8854E74B66C21BBFF /* Pods-TrolleyUITests.debug.xcconfig */,
				D7981418F1D0E5400EE5E27B /* Pods-TrolleyUITests.release.xcconfig */,
			);
			name = Pods;
			sourceTree = "<group>";
		};
		B5C432A521A8819C003F971E = {
			isa = PBXGroup;
			children = (
				B5C432B021A8819C003F971E /* Trolley */,
				B5C432C521A8819D003F971E /* TrolleyTests */,
				B5C432D021A8819D003F971E /* TrolleyUITests */,
				B5C432AF21A8819C003F971E /* Products */,
				58344712B7601E41B57BDF28 /* Pods */,
				18A821AC33AAF58390E15094 /* Frameworks */,
			);
			sourceTree = "<group>";
		};
		B5C432AF21A8819C003F971E /* Products */ = {
			isa = PBXGroup;
			children = (
				B5C432AE21A8819C003F971E /* Trolley.app */,
				B5C432C221A8819D003F971E /* TrolleyTests.xctest */,
				B5C432CD21A8819D003F971E /* TrolleyUITests.xctest */,
			);
			name = Products;
			sourceTree = "<group>";
		};
		B5C432B021A8819C003F971E /* Trolley */ = {
			isa = PBXGroup;
			children = (
				B5C432E121A88297003F971E /* Resources */,
				B5C432E021A88293003F971E /* Source */,
				B5C432DF21A8828D003F971E /* Supporting Files */,
			);
			path = Trolley;
			sourceTree = "<group>";
		};
		B5C432C521A8819D003F971E /* TrolleyTests */ = {
			isa = PBXGroup;
			children = (
				B5C432E521A882B1003F971E /* Source */,
				B5C432E421A882AA003F971E /* Supporting Files */,
			);
			path = TrolleyTests;
			sourceTree = "<group>";
		};
		B5C432D021A8819D003F971E /* TrolleyUITests */ = {
			isa = PBXGroup;
			children = (
				B5C432E321A882A5003F971E /* Source */,
				B5C432E221A8829F003F971E /* Supporting Files */,
			);
			path = TrolleyUITests;
			sourceTree = "<group>";
		};
		B5C432DF21A8828D003F971E /* Supporting Files */ = {
			isa = PBXGroup;
			children = (
				B5C432BD21A8819C003F971E /* Info.plist */,
			);
			path = "Supporting Files";
			sourceTree = "<group>";
		};
		B5C432E021A88293003F971E /* Source */ = {
			isa = PBXGroup;
			children = (
				B5C432B121A8819C003F971E /* AppDelegate.swift */,
				B5C432F421A88A36003F971E /* Data Store */,
				B5C432F521A88A49003F971E /* Model */,
				B5C432EF21A8874E003F971E /* View Controllers */,
			);
			path = Source;
			sourceTree = "<group>";
		};
		B5C432E121A88297003F971E /* Resources */ = {
			isa = PBXGroup;
			children = (
				B5C432B821A8819C003F971E /* Assets.xcassets */,
				B5C432BA21A8819C003F971E /* LaunchScreen.storyboard */,
				B5C432B521A8819C003F971E /* Main.storyboard */,
			);
			path = Resources;
			sourceTree = "<group>";
		};
		B5C432E221A8829F003F971E /* Supporting Files */ = {
			isa = PBXGroup;
			children = (
				B5C432D321A8819D003F971E /* Info.plist */,
			);
			path = "Supporting Files";
			sourceTree = "<group>";
		};
		B5C432E321A882A5003F971E /* Source */ = {
			isa = PBXGroup;
			children = (
				B5C432D121A8819D003F971E /* TrolleyUITests.swift */,
			);
			path = Source;
			sourceTree = "<group>";
		};
		B5C432E421A882AA003F971E /* Supporting Files */ = {
			isa = PBXGroup;
			children = (
				B5C432C821A8819D003F971E /* Info.plist */,
			);
			path = "Supporting Files";
			sourceTree = "<group>";
		};
		B5C432E521A882B1003F971E /* Source */ = {
			isa = PBXGroup;
			children = (
				B5C432C621A8819D003F971E /* TrolleyTests.swift */,
			);
			path = Source;
			sourceTree = "<group>";
		};
		B5C432EF21A8874E003F971E /* View Controllers */ = {
			isa = PBXGroup;
			children = (
				B5C432F021A88768003F971E /* AuthViewController.swift */,
				B5C432F221A887BF003F971E /* HomeViewController.swift */,
				B5C432B321A8819C003F971E /* SplashViewController.swift */,
				B531C94021A89EB300F559DA /* StoreViewController.swift */,
			);
			path = "View Controllers";
			sourceTree = "<group>";
		};
		B5C432F421A88A36003F971E /* Data Store */ = {
			isa = PBXGroup;
			children = (
				B5C432F821A88A92003F971E /* DataStore.swift */,
			);
			path = "Data Store";
			sourceTree = "<group>";
		};
		B5C432F521A88A49003F971E /* Model */ = {
			isa = PBXGroup;
			children = (
				B5C432F621A88A56003F971E /* User.swift */,
				B531C93E21A898FB00F559DA /* Cart.swift */,
			);
			path = Model;
			sourceTree = "<group>";
		};
/* End PBXGroup section */

/* Begin PBXNativeTarget section */
		B5C432AD21A8819C003F971E /* Trolley */ = {
			isa = PBXNativeTarget;
			buildConfigurationList = B5C432D621A8819D003F971E /* Build configuration list for PBXNativeTarget "Trolley" */;
			buildPhases = (
				003BD72F619B8F5C9F02EAB8 /* [CP] Check Pods Manifest.lock */,
				B5C432AA21A8819C003F971E /* Sources */,
				B5C432AB21A8819C003F971E /* Frameworks */,
				B5C432AC21A8819C003F971E /* Resources */,
			);
			buildRules = (
			);
			dependencies = (
			);
			name = Trolley;
			productName = Trolley;
			productReference = B5C432AE21A8819C003F971E /* Trolley.app */;
			productType = "com.apple.product-type.application";
		};
		B5C432C121A8819D003F971E /* TrolleyTests */ = {
			isa = PBXNativeTarget;
			buildConfigurationList = B5C432D921A8819D003F971E /* Build configuration list for PBXNativeTarget "TrolleyTests" */;
			buildPhases = (
				ECB02E2DC001B31B91D9C150 /* [CP] Check Pods Manifest.lock */,
				B5C432BE21A8819D003F971E /* Sources */,
				B5C432BF21A8819D003F971E /* Frameworks */,
				B5C432C021A8819D003F971E /* Resources */,
			);
			buildRules = (
			);
			dependencies = (
				B5C432C421A8819D003F971E /* PBXTargetDependency */,
			);
			name = TrolleyTests;
			productName = TrolleyTests;
			productReference = B5C432C221A8819D003F971E /* TrolleyTests.xctest */;
			productType = "com.apple.product-type.bundle.unit-test";
		};
		B5C432CC21A8819D003F971E /* TrolleyUITests */ = {
			isa = PBXNativeTarget;
			buildConfigurationList = B5C432DC21A8819D003F971E /* Build configuration list for PBXNativeTarget "TrolleyUITests" */;
			buildPhases = (
				471A602850DD0AB1D57AD5D8 /* [CP] Check Pods Manifest.lock */,
				B5C432C921A8819D003F971E /* Sources */,
				B5C432CA21A8819D003F971E /* Frameworks */,
				B5C432CB21A8819D003F971E /* Resources */,
			);
			buildRules = (
			);
			dependencies = (
				B5C432CF21A8819D003F971E /* PBXTargetDependency */,
			);
			name = TrolleyUITests;
			productName = TrolleyUITests;
			productReference = B5C432CD21A8819D003F971E /* TrolleyUITests.xctest */;
			productType = "com.apple.product-type.bundle.ui-testing";
		};
/* End PBXNativeTarget section */

/* Begin PBXProject section */
		B5C432A621A8819C003F971E /* Project object */ = {
			isa = PBXProject;
			attributes = {
				LastSwiftUpdateCheck = 1010;
				LastUpgradeCheck = 1010;
				ORGANIZATIONNAME = "GoDaddy Inc.";
				TargetAttributes = {
					B5C432AD21A8819C003F971E = {
						CreatedOnToolsVersion = 10.1;
					};
					B5C432C121A8819D003F971E = {
						CreatedOnToolsVersion = 10.1;
						TestTargetID = B5C432AD21A8819C003F971E;
					};
					B5C432CC21A8819D003F971E = {
						CreatedOnToolsVersion = 10.1;
						TestTargetID = B5C432AD21A8819C003F971E;
					};
				};
			};
			buildConfigurationList = B5C432A921A8819C003F971E /* Build configuration list for PBXProject "Trolley" */;
			compatibilityVersion = "Xcode 9.3";
			developmentRegion = en;
			hasScannedForEncodings = 0;
			knownRegions = (
				en,
				Base,
			);
			mainGroup = B5C432A521A8819C003F971E;
			productRefGroup = B5C432AF21A8819C003F971E /* Products */;
			projectDirPath = "";
			projectRoot = "";
			targets = (
				B5C432AD21A8819C003F971E /* Trolley */,
				B5C432C121A8819D003F971E /* TrolleyTests */,
				B5C432CC21A8819D003F971E /* TrolleyUITests */,
			);
		};
/* End PBXProject section */

/* Begin PBXResourcesBuildPhase section */
		B5C432AC21A8819C003F971E /* Resources */ = {
			isa = PBXResourcesBuildPhase;
			buildActionMask = 2147483647;
			files = (
				B5C432BC21A8819C003F971E /* LaunchScreen.storyboard in Resources */,
				B5C432B921A8819C003F971E /* Assets.xcassets in Resources */,
				B5C432B721A8819C003F971E /* Main.storyboard in Resources */,
			);
			runOnlyForDeploymentPostprocessing = 0;
		};
		B5C432C021A8819D003F971E /* Resources */ = {
			isa = PBXResourcesBuildPhase;
			buildActionMask = 2147483647;
			files = (
			);
			runOnlyForDeploymentPostprocessing = 0;
		};
		B5C432CB21A8819D003F971E /* Resources */ = {
			isa = PBXResourcesBuildPhase;
			buildActionMask = 2147483647;
			files = (
			);
			runOnlyForDeploymentPostprocessing = 0;
		};
/* End PBXResourcesBuildPhase section */

/* Begin PBXShellScriptBuildPhase section */
		003BD72F619B8F5C9F02EAB8 /* [CP] Check Pods Manifest.lock */ = {
			isa = PBXShellScriptBuildPhase;
			buildActionMask = 2147483647;
			files = (
			);
			inputPaths = (
				"${PODS_PODFILE_DIR_PATH}/Podfile.lock",
				"${PODS_ROOT}/Manifest.lock",
			);
			name = "[CP] Check Pods Manifest.lock";
			outputPaths = (
				"$(DERIVED_FILE_DIR)/Pods-Trolley-checkManifestLockResult.txt",
			);
			runOnlyForDeploymentPostprocessing = 0;
			shellPath = /bin/sh;
			shellScript = "diff \"${PODS_PODFILE_DIR_PATH}/Podfile.lock\" \"${PODS_ROOT}/Manifest.lock\" > /dev/null\nif [ $? != 0 ] ; then\n    # print error to STDERR\n    echo \"error: The sandbox is not in sync with the Podfile.lock. Run 'pod install' or update your CocoaPods installation.\" >&2\n    exit 1\nfi\n# This output is used by Xcode 'outputs' to avoid re-running this script phase.\necho \"SUCCESS\" > \"${SCRIPT_OUTPUT_FILE_0}\"\n";
			showEnvVarsInLog = 0;
		};
		471A602850DD0AB1D57AD5D8 /* [CP] Check Pods Manifest.lock */ = {
			isa = PBXShellScriptBuildPhase;
			buildActionMask = 2147483647;
			files = (
			);
			inputPaths = (
				"${PODS_PODFILE_DIR_PATH}/Podfile.lock",
				"${PODS_ROOT}/Manifest.lock",
			);
			name = "[CP] Check Pods Manifest.lock";
			outputPaths = (
				"$(DERIVED_FILE_DIR)/Pods-TrolleyUITests-checkManifestLockResult.txt",
			);
			runOnlyForDeploymentPostprocessing = 0;
			shellPath = /bin/sh;
			shellScript = "diff \"${PODS_PODFILE_DIR_PATH}/Podfile.lock\" \"${PODS_ROOT}/Manifest.lock\" > /dev/null\nif [ $? != 0 ] ; then\n    # print error to STDERR\n    echo \"error: The sandbox is not in sync with the Podfile.lock. Run 'pod install' or update your CocoaPods installation.\" >&2\n    exit 1\nfi\n# This output is used by Xcode 'outputs' to avoid re-running this script phase.\necho \"SUCCESS\" > \"${SCRIPT_OUTPUT_FILE_0}\"\n";
			showEnvVarsInLog = 0;
		};
		ECB02E2DC001B31B91D9C150 /* [CP] Check Pods Manifest.lock */ = {
			isa = PBXShellScriptBuildPhase;
			buildActionMask = 2147483647;
			files = (
			);
			inputPaths = (
				"${PODS_PODFILE_DIR_PATH}/Podfile.lock",
				"${PODS_ROOT}/Manifest.lock",
			);
			name = "[CP] Check Pods Manifest.lock";
			outputPaths = (
				"$(DERIVED_FILE_DIR)/Pods-TrolleyTests-checkManifestLockResult.txt",
			);
			runOnlyForDeploymentPostprocessing = 0;
			shellPath = /bin/sh;
			shellScript = "diff \"${PODS_PODFILE_DIR_PATH}/Podfile.lock\" \"${PODS_ROOT}/Manifest.lock\" > /dev/null\nif [ $? != 0 ] ; then\n    # print error to STDERR\n    echo \"error: The sandbox is not in sync with the Podfile.lock. Run 'pod install' or update your CocoaPods installation.\" >&2\n    exit 1\nfi\n# This output is used by Xcode 'outputs' to avoid re-running this script phase.\necho \"SUCCESS\" > \"${SCRIPT_OUTPUT_FILE_0}\"\n";
			showEnvVarsInLog = 0;
		};
/* End PBXShellScriptBuildPhase section */

/* Begin PBXSourcesBuildPhase section */
		B5C432AA21A8819C003F971E /* Sources */ = {
			isa = PBXSourcesBuildPhase;
			buildActionMask = 2147483647;
			files = (
				B531C94121A89EB300F559DA /* StoreViewController.swift in Sources */,
				B5C432B421A8819C003F971E /* SplashViewController.swift in Sources */,
				B5C432F921A88A92003F971E /* DataStore.swift in Sources */,
				B5C432F121A88768003F971E /* AuthViewController.swift in Sources */,
				B531C93F21A898FB00F559DA /* Cart.swift in Sources */,
				B5C432B221A8819C003F971E /* AppDelegate.swift in Sources */,
				B5C432F721A88A56003F971E /* User.swift in Sources */,
				B5C432F321A887BF003F971E /* HomeViewController.swift in Sources */,
			);
			runOnlyForDeploymentPostprocessing = 0;
		};
		B5C432BE21A8819D003F971E /* Sources */ = {
			isa = PBXSourcesBuildPhase;
			buildActionMask = 2147483647;
			files = (
				B5C432C721A8819D003F971E /* TrolleyTests.swift in Sources */,
			);
			runOnlyForDeploymentPostprocessing = 0;
		};
		B5C432C921A8819D003F971E /* Sources */ = {
			isa = PBXSourcesBuildPhase;
			buildActionMask = 2147483647;
			files = (
				B5C432D221A8819D003F971E /* TrolleyUITests.swift in Sources */,
			);
			runOnlyForDeploymentPostprocessing = 0;
		};
/* End PBXSourcesBuildPhase section */

/* Begin PBXTargetDependency section */
		B5C432C421A8819D003F971E /* PBXTargetDependency */ = {
			isa = PBXTargetDependency;
			target = B5C432AD21A8819C003F971E /* Trolley */;
			targetProxy = B5C432C321A8819D003F971E /* PBXContainerItemProxy */;
		};
		B5C432CF21A8819D003F971E /* PBXTargetDependency */ = {
			isa = PBXTargetDependency;
			target = B5C432AD21A8819C003F971E /* Trolley */;
			targetProxy = B5C432CE21A8819D003F971E /* PBXContainerItemProxy */;
		};
/* End PBXTargetDependency section */

/* Begin PBXVariantGroup section */
		B5C432B521A8819C003F971E /* Main.storyboard */ = {
			isa = PBXVariantGroup;
			children = (
				B5C432B621A8819C003F971E /* Base */,
			);
			name = Main.storyboard;
			sourceTree = "<group>";
		};
		B5C432BA21A8819C003F971E /* LaunchScreen.storyboard */ = {
			isa = PBXVariantGroup;
			children = (
				B5C432BB21A8819C003F971E /* Base */,
			);
			name = LaunchScreen.storyboard;
			sourceTree = "<group>";
		};
/* End PBXVariantGroup section */

/* Begin XCBuildConfiguration section */
		B5C432D421A8819D003F971E /* Debug */ = {
			isa = XCBuildConfiguration;
			buildSettings = {
				ALWAYS_SEARCH_USER_PATHS = NO;
				CLANG_ANALYZER_NONNULL = YES;
				CLANG_ANALYZER_NUMBER_OBJECT_CONVERSION = YES_AGGRESSIVE;
				CLANG_CXX_LANGUAGE_STANDARD = "gnu++14";
				CLANG_CXX_LIBRARY = "libc++";
				CLANG_ENABLE_MODULES = YES;
				CLANG_ENABLE_OBJC_ARC = YES;
				CLANG_ENABLE_OBJC_WEAK = YES;
				CLANG_WARN_BLOCK_CAPTURE_AUTORELEASING = YES;
				CLANG_WARN_BOOL_CONVERSION = YES;
				CLANG_WARN_COMMA = YES;
				CLANG_WARN_CONSTANT_CONVERSION = YES;
				CLANG_WARN_DEPRECATED_OBJC_IMPLEMENTATIONS = YES;
				CLANG_WARN_DIRECT_OBJC_ISA_USAGE = YES_ERROR;
				CLANG_WARN_DOCUMENTATION_COMMENTS = YES;
				CLANG_WARN_EMPTY_BODY = YES;
				CLANG_WARN_ENUM_CONVERSION = YES;
				CLANG_WARN_INFINITE_RECURSION = YES;
				CLANG_WARN_INT_CONVERSION = YES;
				CLANG_WARN_NON_LITERAL_NULL_CONVERSION = YES;
				CLANG_WARN_OBJC_IMPLICIT_RETAIN_SELF = YES;
				CLANG_WARN_OBJC_LITERAL_CONVERSION = YES;
				CLANG_WARN_OBJC_ROOT_CLASS = YES_ERROR;
				CLANG_WARN_RANGE_LOOP_ANALYSIS = YES;
				CLANG_WARN_STRICT_PROTOTYPES = YES;
				CLANG_WARN_SUSPICIOUS_MOVE = YES;
				CLANG_WARN_UNGUARDED_AVAILABILITY = YES_AGGRESSIVE;
				CLANG_WARN_UNREACHABLE_CODE = YES;
				CLANG_WARN__DUPLICATE_METHOD_MATCH = YES;
				CODE_SIGN_IDENTITY = "iPhone Developer";
				COPY_PHASE_STRIP = NO;
				DEBUG_INFORMATION_FORMAT = dwarf;
				ENABLE_STRICT_OBJC_MSGSEND = YES;
				ENABLE_TESTABILITY = YES;
				GCC_C_LANGUAGE_STANDARD = gnu11;
				GCC_DYNAMIC_NO_PIC = NO;
				GCC_NO_COMMON_BLOCKS = YES;
				GCC_OPTIMIZATION_LEVEL = 0;
				GCC_PREPROCESSOR_DEFINITIONS = (
					"DEBUG=1",
					"$(inherited)",
				);
				GCC_WARN_64_TO_32_BIT_CONVERSION = YES;
				GCC_WARN_ABOUT_RETURN_TYPE = YES_ERROR;
				GCC_WARN_UNDECLARED_SELECTOR = YES;
				GCC_WARN_UNINITIALIZED_AUTOS = YES_AGGRESSIVE;
				GCC_WARN_UNUSED_FUNCTION = YES;
				GCC_WARN_UNUSED_VARIABLE = YES;
				IPHONEOS_DEPLOYMENT_TARGET = 12.1;
				MTL_ENABLE_DEBUG_INFO = INCLUDE_SOURCE;
				MTL_FAST_MATH = YES;
				ONLY_ACTIVE_ARCH = YES;
				SDKROOT = iphoneos;
				SWIFT_ACTIVE_COMPILATION_CONDITIONS = DEBUG;
				SWIFT_OPTIMIZATION_LEVEL = "-Onone";
			};
			name = Debug;
		};
		B5C432D521A8819D003F971E /* Release */ = {
			isa = XCBuildConfiguration;
			buildSettings = {
				ALWAYS_SEARCH_USER_PATHS = NO;
				CLANG_ANALYZER_NONNULL = YES;
				CLANG_ANALYZER_NUMBER_OBJECT_CONVERSION = YES_AGGRESSIVE;
				CLANG_CXX_LANGUAGE_STANDARD = "gnu++14";
				CLANG_CXX_LIBRARY = "libc++";
				CLANG_ENABLE_MODULES = YES;
				CLANG_ENABLE_OBJC_ARC = YES;
				CLANG_ENABLE_OBJC_WEAK = YES;
				CLANG_WARN_BLOCK_CAPTURE_AUTORELEASING = YES;
				CLANG_WARN_BOOL_CONVERSION = YES;
				CLANG_WARN_COMMA = YES;
				CLANG_WARN_CONSTANT_CONVERSION = YES;
				CLANG_WARN_DEPRECATED_OBJC_IMPLEMENTATIONS = YES;
				CLANG_WARN_DIRECT_OBJC_ISA_USAGE = YES_ERROR;
				CLANG_WARN_DOCUMENTATION_COMMENTS = YES;
				CLANG_WARN_EMPTY_BODY = YES;
				CLANG_WARN_ENUM_CONVERSION = YES;
				CLANG_WARN_INFINITE_RECURSION = YES;
				CLANG_WARN_INT_CONVERSION = YES;
				CLANG_WARN_NON_LITERAL_NULL_CONVERSION = YES;
				CLANG_WARN_OBJC_IMPLICIT_RETAIN_SELF = YES;
				CLANG_WARN_OBJC_LITERAL_CONVERSION = YES;
				CLANG_WARN_OBJC_ROOT_CLASS = YES_ERROR;
				CLANG_WARN_RANGE_LOOP_ANALYSIS = YES;
				CLANG_WARN_STRICT_PROTOTYPES = YES;
				CLANG_WARN_SUSPICIOUS_MOVE = YES;
				CLANG_WARN_UNGUARDED_AVAILABILITY = YES_AGGRESSIVE;
				CLANG_WARN_UNREACHABLE_CODE = YES;
				CLANG_WARN__DUPLICATE_METHOD_MATCH = YES;
				CODE_SIGN_IDENTITY = "iPhone Developer";
				COPY_PHASE_STRIP = NO;
				DEBUG_INFORMATION_FORMAT = "dwarf-with-dsym";
				ENABLE_NS_ASSERTIONS = NO;
				ENABLE_STRICT_OBJC_MSGSEND = YES;
				GCC_C_LANGUAGE_STANDARD = gnu11;
				GCC_NO_COMMON_BLOCKS = YES;
				GCC_WARN_64_TO_32_BIT_CONVERSION = YES;
				GCC_WARN_ABOUT_RETURN_TYPE = YES_ERROR;
				GCC_WARN_UNDECLARED_SELECTOR = YES;
				GCC_WARN_UNINITIALIZED_AUTOS = YES_AGGRESSIVE;
				GCC_WARN_UNUSED_FUNCTION = YES;
				GCC_WARN_UNUSED_VARIABLE = YES;
				IPHONEOS_DEPLOYMENT_TARGET = 12.1;
				MTL_ENABLE_DEBUG_INFO = NO;
				MTL_FAST_MATH = YES;
				SDKROOT = iphoneos;
				SWIFT_COMPILATION_MODE = wholemodule;
				SWIFT_OPTIMIZATION_LEVEL = "-O";
				VALIDATE_PRODUCT = YES;
			};
			name = Release;
		};
		B5C432D721A8819D003F971E /* Debug */ = {
			isa = XCBuildConfiguration;
			baseConfigurationReference = 96E8F8573D9B0FC9BED02C62 /* Pods-Trolley.debug.xcconfig */;
			buildSettings = {
				ASSETCATALOG_COMPILER_APPICON_NAME = AppIcon;
				CODE_SIGN_STYLE = Automatic;
				DEVELOPMENT_TEAM = 2HN4Z6N252;
				INFOPLIST_FILE = "Trolley/Supporting Files/Info.plist";
				IPHONEOS_DEPLOYMENT_TARGET = 11.3;
				LD_RUNPATH_SEARCH_PATHS = (
					"$(inherited)",
					"@executable_path/Frameworks",
				);
				PRODUCT_BUNDLE_IDENTIFIER = com.godaddy.Trolley;
				PRODUCT_NAME = "$(TARGET_NAME)";
				SWIFT_VERSION = 4.2;
				TARGETED_DEVICE_FAMILY = "1,2";
			};
			name = Debug;
		};
		B5C432D821A8819D003F971E /* Release */ = {
			isa = XCBuildConfiguration;
			baseConfigurationReference = 18CC25FCFC1B5BBF2049C80F /* Pods-Trolley.release.xcconfig */;
			buildSettings = {
				ASSETCATALOG_COMPILER_APPICON_NAME = AppIcon;
				CODE_SIGN_STYLE = Automatic;
				DEVELOPMENT_TEAM = 2HN4Z6N252;
				INFOPLIST_FILE = "Trolley/Supporting Files/Info.plist";
				IPHONEOS_DEPLOYMENT_TARGET = 11.3;
				LD_RUNPATH_SEARCH_PATHS = (
					"$(inherited)",
					"@executable_path/Frameworks",
				);
				PRODUCT_BUNDLE_IDENTIFIER = com.godaddy.Trolley;
				PRODUCT_NAME = "$(TARGET_NAME)";
				SWIFT_VERSION = 4.2;
				TARGETED_DEVICE_FAMILY = "1,2";
			};
			name = Release;
		};
		B5C432DA21A8819D003F971E /* Debug */ = {
			isa = XCBuildConfiguration;
			baseConfigurationReference = E23829367649127E57D2F3A8 /* Pods-TrolleyTests.debug.xcconfig */;
			buildSettings = {
				ALWAYS_EMBED_SWIFT_STANDARD_LIBRARIES = YES;
				BUNDLE_LOADER = "$(TEST_HOST)";
				CODE_SIGN_STYLE = Automatic;
				DEVELOPMENT_TEAM = 429M3XYCFS;
				INFOPLIST_FILE = "TrolleyTests/Supporting Files/Info.plist";
				LD_RUNPATH_SEARCH_PATHS = (
					"$(inherited)",
					"@executable_path/Frameworks",
					"@loader_path/Frameworks",
				);
				PRODUCT_BUNDLE_IDENTIFIER = com.godaddy.TrolleyTests;
				PRODUCT_NAME = "$(TARGET_NAME)";
				SWIFT_VERSION = 4.2;
				TARGETED_DEVICE_FAMILY = "1,2";
				TEST_HOST = "$(BUILT_PRODUCTS_DIR)/Trolley.app/Trolley";
			};
			name = Debug;
		};
		B5C432DB21A8819D003F971E /* Release */ = {
			isa = XCBuildConfiguration;
			baseConfigurationReference = 59A8F3BEA8CDC500F1EAB810 /* Pods-TrolleyTests.release.xcconfig */;
			buildSettings = {
				ALWAYS_EMBED_SWIFT_STANDARD_LIBRARIES = YES;
				BUNDLE_LOADER = "$(TEST_HOST)";
				CODE_SIGN_STYLE = Automatic;
				DEVELOPMENT_TEAM = 429M3XYCFS;
				INFOPLIST_FILE = "TrolleyTests/Supporting Files/Info.plist";
				LD_RUNPATH_SEARCH_PATHS = (
					"$(inherited)",
					"@executable_path/Frameworks",
					"@loader_path/Frameworks",
				);
				PRODUCT_BUNDLE_IDENTIFIER = com.godaddy.TrolleyTests;
				PRODUCT_NAME = "$(TARGET_NAME)";
				SWIFT_VERSION = 4.2;
				TARGETED_DEVICE_FAMILY = "1,2";
				TEST_HOST = "$(BUILT_PRODUCTS_DIR)/Trolley.app/Trolley";
			};
			name = Release;
		};
		B5C432DD21A8819D003F971E /* Debug */ = {
			isa = XCBuildConfiguration;
			baseConfigurationReference = 1E5D2BB8854E74B66C21BBFF /* Pods-TrolleyUITests.debug.xcconfig */;
			buildSettings = {
				ALWAYS_EMBED_SWIFT_STANDARD_LIBRARIES = YES;
				CODE_SIGN_STYLE = Automatic;
				DEVELOPMENT_TEAM = 429M3XYCFS;
				INFOPLIST_FILE = "TrolleyUITests/Supporting Files/Info.plist";
				LD_RUNPATH_SEARCH_PATHS = (
					"$(inherited)",
					"@executable_path/Frameworks",
					"@loader_path/Frameworks",
				);
				PRODUCT_BUNDLE_IDENTIFIER = com.godaddy.TrolleyUITests;
				PRODUCT_NAME = "$(TARGET_NAME)";
				SWIFT_VERSION = 4.2;
				TARGETED_DEVICE_FAMILY = "1,2";
				TEST_TARGET_NAME = Trolley;
			};
			name = Debug;
		};
		B5C432DE21A8819D003F971E /* Release */ = {
			isa = XCBuildConfiguration;
			baseConfigurationReference = D7981418F1D0E5400EE5E27B /* Pods-TrolleyUITests.release.xcconfig */;
			buildSettings = {
				ALWAYS_EMBED_SWIFT_STANDARD_LIBRARIES = YES;
				CODE_SIGN_STYLE = Automatic;
				DEVELOPMENT_TEAM = 429M3XYCFS;
				INFOPLIST_FILE = "TrolleyUITests/Supporting Files/Info.plist";
				LD_RUNPATH_SEARCH_PATHS = (
					"$(inherited)",
					"@executable_path/Frameworks",
					"@loader_path/Frameworks",
				);
				PRODUCT_BUNDLE_IDENTIFIER = com.godaddy.TrolleyUITests;
				PRODUCT_NAME = "$(TARGET_NAME)";
				SWIFT_VERSION = 4.2;
				TARGETED_DEVICE_FAMILY = "1,2";
				TEST_TARGET_NAME = Trolley;
			};
			name = Release;
		};
/* End XCBuildConfiguration section */

/* Begin XCConfigurationList section */
		B5C432A921A8819C003F971E /* Build configuration list for PBXProject "Trolley" */ = {
			isa = XCConfigurationList;
			buildConfigurations = (
				B5C432D421A8819D003F971E /* Debug */,
				B5C432D521A8819D003F971E /* Release */,
			);
			defaultConfigurationIsVisible = 0;
			defaultConfigurationName = Release;
		};
		B5C432D621A8819D003F971E /* Build configuration list for PBXNativeTarget "Trolley" */ = {
			isa = XCConfigurationList;
			buildConfigurations = (
				B5C432D721A8819D003F971E /* Debug */,
				B5C432D821A8819D003F971E /* Release */,
			);
			defaultConfigurationIsVisible = 0;
			defaultConfigurationName = Release;
		};
		B5C432D921A8819D003F971E /* Build configuration list for PBXNativeTarget "TrolleyTests" */ = {
			isa = XCConfigurationList;
			buildConfigurations = (
				B5C432DA21A8819D003F971E /* Debug */,
				B5C432DB21A8819D003F971E /* Release */,
			);
			defaultConfigurationIsVisible = 0;
			defaultConfigurationName = Release;
		};
		B5C432DC21A8819D003F971E /* Build configuration list for PBXNativeTarget "TrolleyUITests" */ = {
			isa = XCConfigurationList;
			buildConfigurations = (
				B5C432DD21A8819D003F971E /* Debug */,
				B5C432DE21A8819D003F971E /* Release */,
			);
			defaultConfigurationIsVisible = 0;
			defaultConfigurationName = Release;
		};
/* End XCConfigurationList section */
	};
	rootObject = B5C432A621A8819C003F971E /* Project object */;
}
